
Microsoft Visual Studio Solution File, Format Version 12.00
# Visual Studio Version 16
VisualStudioVersion = 16.0.30011.22
MinimumVisualStudioVersion = 10.0.40219.1
Project("{FAE04EC0-301F-11D3-BF4B-00C04F79EFBC}") = "PavilionsApp", "PavilionsApp\PavilionsApp.csproj", "{24D09868-2102-44BC-9C1B-F3A6D685F72F}"
EndProject
Project("{FAE04EC0-301F-11D3-BF4B-00C04F79EFBC}") = "PavilionsApp.Connection", "PavilionsApp.Connection\PavilionsApp.Connection.csproj", "{BA4E17A0-F9F3-4766-AC63-15752219DE5C}"
EndProject
Project("{FAE04EC0-301F-11D3-BF4B-00C04F79EFBC}") = "PavilionsApp.Core", "PavilionsApp.Core\PavilionsApp.Core.csproj", "{2D326CD5-407E-42BE-8649-70EF87E80090}"
EndProject
Global
	GlobalSection(SolutionConfigurationPlatforms) = preSolution
		Debug|Any CPU = Debug|Any CPU
		Release|Any CPU = Release|Any CPU
	EndGlobalSection
	GlobalSection(ProjectConfigurationPlatforms) = postSolution
		{24D09868-2102-44BC-9C1B-F3A6D685F72F}.Debug|Any CPU.ActiveCfg = Debug|Any CPU
		{24D09868-2102-44BC-9C1B-F3A6D685F72F}.Debug|Any CPU.Build.0 = Debug|Any CPU
		{24D09868-2102-44BC-9C1B-F3A6D685F72F}.Release|Any CPU.ActiveCfg = Release|Any CPU
		{24D09868-2102-44BC-9C1B-F3A6D685F72F}.Release|Any CPU.Build.0 = Release|Any CPU
		{BA4E17A0-F9F3-4766-AC63-15752219DE5C}.Debug|Any CPU.ActiveCfg = Debug|Any CPU
		{BA4E17A0-F9F3-4766-AC63-15752219DE5C}.Debug|Any CPU.Build.0 = Debug|Any CPU
		{BA4E17A0-F9F3-4766-AC63-15752219DE5C}.Release|Any CPU.ActiveCfg = Release|Any CPU
		{BA4E17A0-F9F3-4766-AC63-15752219DE5C}.Release|Any CPU.Build.0 = Release|Any CPU
		{2D326CD5-407E-42BE-8649-70EF87E80090}.Debug|Any CPU.ActiveCfg = Debug|Any CPU
		{2D326CD5-407E-42BE-8649-70EF87E80090}.Debug|Any CPU.Build.0 = Debug|Any CPU
		{2D326CD5-407E-42BE-8649-70EF87E80090}.Release|Any CPU.ActiveCfg = Release|Any CPU
		{2D326CD5-407E-42BE-8649-70EF87E80090}.Release|Any CPU.Build.0 = Release|Any CPU
	EndGlobalSection
	GlobalSection(SolutionProperties) = preSolution
		HideSolutionNode = FALSE
	EndGlobalSection
	GlobalSection(ExtensibilityGlobals) = postSolution
		SolutionGuid = {76FDC1A1-CF4D-4669-9818-C77F31F503C7}
	EndGlobalSection
EndGlobal
